// !$*UTF8*$!
{
	archiveVersion = 1;
	classes = {
	};
	objectVersion = 50;
	objects = {

/* Begin PBXBuildFile section */
		0B3254752398FFF40038A93D /* AppDelegate.swift in Sources */ = {isa = PBXBuildFile; fileRef = 0B3254742398FFF40038A93D /* AppDelegate.swift */; };
		0B3254772398FFF40038A93D /* SceneDelegate.swift in Sources */ = {isa = PBXBuildFile; fileRef = 0B3254762398FFF40038A93D /* SceneDelegate.swift */; };
		0B3254792398FFF40038A93D /* ViewController.swift in Sources */ = {isa = PBXBuildFile; fileRef = 0B3254782398FFF40038A93D /* ViewController.swift */; };
		0B32547C2398FFF40038A93D /* Main.storyboard in Resources */ = {isa = PBXBuildFile; fileRef = 0B32547A2398FFF40038A93D /* Main.storyboard */; };
		0B32547E2398FFFA0038A93D /* Assets.xcassets in Resources */ = {isa = PBXBuildFile; fileRef = 0B32547D2398FFFA0038A93D /* Assets.xcassets */; };
		0B3254812398FFFA0038A93D /* LaunchScreen.storyboard in Resources */ = {isa = PBXBuildFile; fileRef = 0B32547F2398FFFA0038A93D /* LaunchScreen.storyboard */; };
		0BD2CD3123993CDA00E543A8 /* QuestionBank.swift in Sources */ = {isa = PBXBuildFile; fileRef = 0BD2CD3023993CDA00E543A8 /* QuestionBank.swift */; };
		0BE831A0239AB3C2006FE75F /* Question.swift in Sources */ = {isa = PBXBuildFile; fileRef = 0BE8319F239AB3C2006FE75F /* Question.swift */; };
/* End PBXBuildFile section */

/* Begin PBXFileReference section */
		0B3254712398FFF40038A93D /* Quize App iOS.app */ = {isa = PBXFileReference; explicitFileType = wrapper.application; includeInIndex = 0; path = "Quize App iOS.app"; sourceTree = BUILT_PRODUCTS_DIR; };
		0B3254742398FFF40038A93D /* AppDelegate.swift */ = {isa = PBXFileReference; lastKnownFileType = sourcecode.swift; path = AppDelegate.swift; sourceTree = "<group>"; };
		0B3254762398FFF40038A93D /* SceneDelegate.swift */ = {isa = PBXFileReference; lastKnownFileType = sourcecode.swift; path = SceneDelegate.swift; sourceTree = "<group>"; };
		0B3254782398FFF40038A93D /* ViewController.swift */ = {isa = PBXFileReference; lastKnownFileType = sourcecode.swift; path = ViewController.swift; sourceTree = "<group>"; };
		0B32547B2398FFF40038A93D /* Base */ = {isa = PBXFileReference; lastKnownFileType = file.storyboard; name = Base; path = Base.lproj/Main.storyboard; sourceTree = "<group>"; };
		0B32547D2398FFFA0038A93D /* Assets.xcassets */ = {isa = PBXFileReference; lastKnownFileType = folder.assetcatalog; path = Assets.xcassets; sourceTree = "<group>"; };
		0B3254802398FFFA0038A93D /* Base */ = {isa = PBXFileReference; lastKnownFileType = file.storyboard; name = Base; path = Base.lproj/LaunchScreen.storyboard; sourceTree = "<group>"; };
		0B3254822398FFFA0038A93D /* Info.plist */ = {isa = PBXFileReference; lastKnownFileType = text.plist.xml; path = Info.plist; sourceTree = "<group>"; };
		0BD2CD3023993CDA00E543A8 /* QuestionBank.swift */ = {isa = PBXFileReference; lastKnownFileType = sourcecode.swift; path = QuestionBank.swift; sourceTree = "<group>"; };
		0BE8319F239AB3C2006FE75F /* Question.swift */ = {isa = PBXFileReference; lastKnownFileType = sourcecode.swift; path = Question.swift; sourceTree = "<group>"; };
/* End PBXFileReference section */

/* Begin PBXFrameworksBuildPhase section */
		0B32546E2398FFF40038A93D /* Frameworks */ = {
			isa = PBXFrameworksBuildPhase;
			buildActionMask = 2147483647;
			files = (
			);
			runOnlyForDeploymentPostprocessing = 0;
		};
/* End PBXFrameworksBuildPhase section */

/* Begin PBXGroup section */
		0B3254682398FFF40038A93D = {
			isa = PBXGroup;
			children = (
				0B3254732398FFF40038A93D /* Quize App iOS */,
				0B3254722398FFF40038A93D /* Products */,
			);
			sourceTree = "<group>";
		};
		0B3254722398FFF40038A93D /* Products */ = {
			isa = PBXGroup;
			children = (
				0B3254712398FFF40038A93D /* Quize App iOS.app */,
			);
			name = Products;
			sourceTree = "<group>";
		};
		0B3254732398FFF40038A93D /* Quize App iOS */ = {
			isa = PBXGroup;
			children = (
				0BD2CD3223993CE700E543A8 /* Models */,
				0B3254742398FFF40038A93D /* AppDelegate.swift */,
				0B3254762398FFF40038A93D /* SceneDelegate.swift */,
				0B32547D2398FFFA0038A93D /* Assets.xcassets */,
				0B32548A239904DE0038A93D /* Controller */,
				0B325489239904D20038A93D /* View */,
				0B3254822398FFFA0038A93D /* Info.plist */,
			);
			path = "Quize App iOS";
			sourceTree = "<group>";
		};
		0B325489239904D20038A93D /* View */ = {
			isa = PBXGroup;
			children = (
				0B32547A2398FFF40038A93D /* Main.storyboard */,
				0B32547F2398FFFA0038A93D /* LaunchScreen.storyboard */,
			);
			path = View;
			sourceTree = "<group>";
		};
		0B32548A239904DE0038A93D /* Controller */ = {
			isa = PBXGroup;
			children = (
				0B3254782398FFF40038A93D /* ViewController.swift */,
			);
			path = Controller;
			sourceTree = "<group>";
		};
		0BD2CD3223993CE700E543A8 /* Models */ = {
			isa = PBXGroup;
			children = (
				0BD2CD3023993CDA00E543A8 /* QuestionBank.swift */,
				0BE8319F239AB3C2006FE75F /* Question.swift */,
			);
			path = Models;
			sourceTree = "<group>";
		};
/* End PBXGroup section */

/* Begin PBXNativeTarget section */
		0B3254702398FFF40038A93D /* Quize App iOS */ = {
			isa = PBXNativeTarget;
			buildConfigurationList = 0B3254852398FFFA0038A93D /* Build configuration list for PBXNativeTarget "Quize App iOS" */;
			buildPhases = (
				0B32546D2398FFF40038A93D /* Sources */,
				0B32546E2398FFF40038A93D /* Frameworks */,
				0B32546F2398FFF40038A93D /* Resources */,
			);
			buildRules = (
			);
			dependencies = (
			);
			name = "Quize App iOS";
			productName = "Quize App iOS";
			productReference = 0B3254712398FFF40038A93D /* Quize App iOS.app */;
			productType = "com.apple.product-type.application";
		};
/* End PBXNativeTarget section */

/* Begin PBXProject section */
		0B3254692398FFF40038A93D /* Project object */ = {
			isa = PBXProject;
			attributes = {
				LastSwiftUpdateCheck = 1110;
				LastUpgradeCheck = 1110;
				ORGANIZATIONNAME = "Md Sifat";
				TargetAttributes = {
					0B3254702398FFF40038A93D = {
						CreatedOnToolsVersion = 11.1;
					};
				};
			};
			buildConfigurationList = 0B32546C2398FFF40038A93D /* Build configuration list for PBXProject "Quize App iOS" */;
			compatibilityVersion = "Xcode 9.3";
			developmentRegion = en;
			hasScannedForEncodings = 0;
			knownRegions = (
				en,
				Base,
			);
			mainGroup = 0B3254682398FFF40038A93D;
			productRefGroup = 0B3254722398FFF40038A93D /* Products */;
			projectDirPath = "";
			projectRoot = "";
			targets = (
				0B3254702398FFF40038A93D /* Quize App iOS */,
			);
		};
/* End PBXProject section */

/* Begin PBXResourcesBuildPhase section */
		0B32546F2398FFF40038A93D /* Resources */ = {
			isa = PBXResourcesBuildPhase;
			buildActionMask = 2147483647;
			files = (
				0B3254812398FFFA0038A93D /* LaunchScreen.storyboard in Resources */,
				0B32547E2398FFFA0038A93D /* Assets.xcassets in Resources */,
				0B32547C2398FFF40038A93D /* Main.storyboard in Resources */,
			);
			runOnlyForDeploymentPostprocessing = 0;
		};
/* End PBXResourcesBuildPhase section */

/* Begin PBXSourcesBuildPhase section */
		0B32546D2398FFF40038A93D /* Sources */ = {
			isa = PBXSourcesBuildPhase;
			buildActionMask = 2147483647;
			files = (
				0BE831A0239AB3C2006FE75F /* Question.swift in Sources */,
				0B3254792398FFF40038A93D /* ViewController.swift in Sources */,
				0B3254752398FFF40038A93D /* AppDelegate.swift in Sources */,
				0BD2CD3123993CDA00E543A8 /* QuestionBank.swift in Sources */,
				0B3254772398FFF40038A93D /* SceneDelegate.swift in Sources */,
			);
			runOnlyForDeploymentPostprocessing = 0;
		};
/* End PBXSourcesBuildPhase section */

/* Begin PBXVariantGroup section */
		0B32547A2398FFF40038A93D /* Main.storyboard */ = {
			isa = PBXVariantGroup;
			children = (
				0B32547B2398FFF40038A93D /* Base */,
			);
			name = Main.storyboard;
			sourceTree = "<group>";
		};
		0B32547F2398FFFA0038A93D /* LaunchScreen.storyboard */ = {
			isa = PBXVariantGroup;
			children = (
				0B3254802398FFFA0038A93D /* Base */,
			);
			name = LaunchScreen.storyboard;
			sourceTree = "<group>";
		};
/* End PBXVariantGroup section */

/* Begin XCBuildConfiguration section */
		0B3254832398FFFA0038A93D /* Debug */ = {
			isa = XCBuildConfiguration;
			buildSettings = {
				ALWAYS_SEARCH_USER_PATHS = NO;
				CLANG_ANALYZER_NONNULL = YES;
				CLANG_ANALYZER_NUMBER_OBJECT_CONVERSION = YES_AGGRESSIVE;
				CLANG_CXX_LANGUAGE_STANDARD = "gnu++14";
				CLANG_CXX_LIBRARY = "libc++";
				CLANG_ENABLE_MODULES = YES;
				CLANG_ENABLE_OBJC_ARC = YES;
				CLANG_ENABLE_OBJC_WEAK = YES;
				CLANG_WARN_BLOCK_CAPTURE_AUTORELEASING = YES;
				CLANG_WARN_BOOL_CONVERSION = YES;
				CLANG_WARN_COMMA = YES;
				CLANG_WARN_CONSTANT_CONVERSION = YES;
				CLANG_WARN_DEPRECATED_OBJC_IMPLEMENTATIONS = YES;
				CLANG_WARN_DIRECT_OBJC_ISA_USAGE = YES_ERROR;
				CLANG_WARN_DOCUMENTATION_COMMENTS = YES;
				CLANG_WARN_EMPTY_BODY = YES;
				CLANG_WARN_ENUM_CONVERSION = YES;
				CLANG_WARN_INFINITE_RECURSION = YES;
				CLANG_WARN_INT_CONVERSION = YES;
				CLANG_WARN_NON_LITERAL_NULL_CONVERSION = YES;
				CLANG_WARN_OBJC_IMPLICIT_RETAIN_SELF = YES;
				CLANG_WARN_OBJC_LITERAL_CONVERSION = YES;
				CLANG_WARN_OBJC_ROOT_CLASS = YES_ERROR;
				CLANG_WARN_RANGE_LOOP_ANALYSIS = YES;
				CLANG_WARN_STRICT_PROTOTYPES = YES;
				CLANG_WARN_SUSPICIOUS_MOVE = YES;
				CLANG_WARN_UNGUARDED_AVAILABILITY = YES_AGGRESSIVE;
				CLANG_WARN_UNREACHABLE_CODE = YES;
				CLANG_WARN__DUPLICATE_METHOD_MATCH = YES;
				COPY_PHASE_STRIP = NO;
				DEBUG_INFORMATION_FORMAT = dwarf;
				ENABLE_STRICT_OBJC_MSGSEND = YES;
				ENABLE_TESTABILITY = YES;
				GCC_C_LANGUAGE_STANDARD = gnu11;
				GCC_DYNAMIC_NO_PIC = NO;
				GCC_NO_COMMON_BLOCKS = YES;
				GCC_OPTIMIZATION_LEVEL = 0;
				GCC_PREPROCESSOR_DEFINITIONS = (
					"DEBUG=1",
					"$(inherited)",
				);
				GCC_WARN_64_TO_32_BIT_CONVERSION = YES;
				GCC_WARN_ABOUT_RETURN_TYPE = YES_ERROR;
				GCC_WARN_UNDECLARED_SELECTOR = YES;
				GCC_WARN_UNINITIALIZED_AUTOS = YES_AGGRESSIVE;
				GCC_WARN_UNUSED_FUNCTION = YES;
				GCC_WARN_UNUSED_VARIABLE = YES;
				IPHONEOS_DEPLOYMENT_TARGET = 13.1;
				MTL_ENABLE_DEBUG_INFO = INCLUDE_SOURCE;
				MTL_FAST_MATH = YES;
				ONLY_ACTIVE_ARCH = YES;
				SDKROOT = iphoneos;
				SWIFT_ACTIVE_COMPILATION_CONDITIONS = DEBUG;
				SWIFT_OPTIMIZATION_LEVEL = "-Onone";
			};
			name = Debug;
		};
		0B3254842398FFFA0038A93D /* Release */ = {
			isa = XCBuildConfiguration;
			buildSettings = {
				ALWAYS_SEARCH_USER_PATHS = NO;
				CLANG_ANALYZER_NONNULL = YES;
				CLANG_ANALYZER_NUMBER_OBJECT_CONVERSION = YES_AGGRESSIVE;
				CLANG_CXX_LANGUAGE_STANDARD = "gnu++14";
				CLANG_CXX_LIBRARY = "libc++";
				CLANG_ENABLE_MODULES = YES;
				CLANG_ENABLE_OBJC_ARC = YES;
				CLANG_ENABLE_OBJC_WEAK = YES;
				CLANG_WARN_BLOCK_CAPTURE_AUTORELEASING = YES;
				CLANG_WARN_BOOL_CONVERSION = YES;
				CLANG_WARN_COMMA = YES;
				CLANG_WARN_CONSTANT_CONVERSION = YES;
				CLANG_WARN_DEPRECATED_OBJC_IMPLEMENTATIONS = YES;
				CLANG_WARN_DIRECT_OBJC_ISA_USAGE = YES_ERROR;
				CLANG_WARN_DOCUMENTATION_COMMENTS = YES;
				CLANG_WARN_EMPTY_BODY = YES;
				CLANG_WARN_ENUM_CONVERSION = YES;
				CLANG_WARN_INFINITE_RECURSION = YES;
				CLANG_WARN_INT_CONVERSION = YES;
				CLANG_WARN_NON_LITERAL_NULL_CONVERSION = YES;
				CLANG_WARN_OBJC_IMPLICIT_RETAIN_SELF = YES;
				CLANG_WARN_OBJC_LITERAL_CONVERSION = YES;
				CLANG_WARN_OBJC_ROOT_CLASS = YES_ERROR;
				CLANG_WARN_RANGE_LOOP_ANALYSIS = YES;
				CLANG_WARN_STRICT_PROTOTYPES = YES;
				CLANG_WARN_SUSPICIOUS_MOVE = YES;
				CLANG_WARN_UNGUARDED_AVAILABILITY = YES_AGGRESSIVE;
				CLANG_WARN_UNREACHABLE_CODE = YES;
				CLANG_WARN__DUPLICATE_METHOD_MATCH = YES;
				COPY_PHASE_STRIP = NO;
				DEBUG_INFORMATION_FORMAT = "dwarf-with-dsym";
				ENABLE_NS_ASSERTIONS = NO;
				ENABLE_STRICT_OBJC_MSGSEND = YES;
				GCC_C_LANGUAGE_STANDARD = gnu11;
				GCC_NO_COMMON_BLOCKS = YES;
				GCC_WARN_64_TO_32_BIT_CONVERSION = YES;
				GCC_WARN_ABOUT_RETURN_TYPE = YES_ERROR;
				GCC_WARN_UNDECLARED_SELECTOR = YES;
				GCC_WARN_UNINITIALIZED_AUTOS = YES_AGGRESSIVE;
				GCC_WARN_UNUSED_FUNCTION = YES;
				GCC_WARN_UNUSED_VARIABLE = YES;
				IPHONEOS_DEPLOYMENT_TARGET = 13.1;
				MTL_ENABLE_DEBUG_INFO = NO;
				MTL_FAST_MATH = YES;
				SDKROOT = iphoneos;
				SWIFT_COMPILATION_MODE = wholemodule;
				SWIFT_OPTIMIZATION_LEVEL = "-O";
				VALIDATE_PRODUCT = YES;
			};
			name = Release;
		};
		0B3254862398FFFA0038A93D /* Debug */ = {
			isa = XCBuildConfiguration;
			buildSettings = {
				ASSETCATALOG_COMPILER_APPICON_NAME = AppIcon;
				CODE_SIGN_STYLE = Automatic;
				INFOPLIST_FILE = "Quize App iOS/Info.plist";
				LD_RUNPATH_SEARCH_PATHS = (
					"$(inherited)",
					"@executable_path/Frameworks",
				);
				PRODUCT_BUNDLE_IDENTIFIER = "com.csesifat.Quize-App-iOS";
				PRODUCT_NAME = "$(TARGET_NAME)";
				SWIFT_VERSION = 5.0;
				TARGETED_DEVICE_FAMILY = "1,2";
			};
			name = Debug;
		};
		0B3254872398FFFA0038A93D /* Release */ = {
			isa = XCBuildConfiguration;
			buildSettings = {
				ASSETCATALOG_COMPILER_APPICON_NAME = AppIcon;
				CODE_SIGN_STYLE = Automatic;
				INFOPLIST_FILE = "Quize App iOS/Info.plist";
				LD_RUNPATH_SEARCH_PATHS = (
					"$(inherited)",
					"@executable_path/Frameworks",
				);
				PRODUCT_BUNDLE_IDENTIFIER = "com.csesifat.Quize-App-iOS";
				PRODUCT_NAME = "$(TARGET_NAME)";
				SWIFT_VERSION = 5.0;
				TARGETED_DEVICE_FAMILY = "1,2";
			};
			name = Release;
		};
/* End XCBuildConfiguration section */

/* Begin XCConfigurationList section */
		0B32546C2398FFF40038A93D /* Build configuration list for PBXProject "Quize App iOS" */ = {
			isa = XCConfigurationList;
			buildConfigurations = (
				0B3254832398FFFA0038A93D /* Debug */,
				0B3254842398FFFA0038A93D /* Release */,
			);
			defaultConfigurationIsVisible = 0;
			defaultConfigurationName = Release;
		};
		0B3254852398FFFA0038A93D /* Build configuration list for PBXNativeTarget "Quize App iOS" */ = {
			isa = XCConfigurationList;
			buildConfigurations = (
				0B3254862398FFFA0038A93D /* Debug */,
				0B3254872398FFFA0038A93D /* Release */,
			);
			defaultConfigurationIsVisible = 0;
			defaultConfigurationName = Release;
		};
/* End XCConfigurationList section */
	};
	rootObject = 0B3254692398FFF40038A93D /* Project object */;
}
